
Microsoft Visual Studio Solution File, Format Version 12.00
# Visual Studio 15
VisualStudioVersion = 15.0.28307.421
MinimumVisualStudioVersion = 10.0.40219.1
Project("{FAE04EC0-301F-11D3-BF4B-00C04F79EFBC}") = "BindableItemSourceList.Android", "BindableItemSourceList\BindableItemSourceList.Android\BindableItemSourceList.Android.csproj", "{A773B5C0-E743-4630-BD4E-4A32C7836E94}"
EndProject
Project("{FAE04EC0-301F-11D3-BF4B-00C04F79EFBC}") = "BindableItemSourceList.iOS", "BindableItemSourceList\BindableItemSourceList.iOS\BindableItemSourceList.iOS.csproj", "{151F7697-F447-41F2-AA4A-AAB530322D7B}"
EndProject
Project("{FAE04EC0-301F-11D3-BF4B-00C04F79EFBC}") = "BindableItemSourceList.UWP", "BindableItemSourceList\BindableItemSourceList.UWP\BindableItemSourceList.UWP.csproj", "{50425EF7-96E0-4995-858E-5364363B77DE}"
EndProject
Project("{FAE04EC0-301F-11D3-BF4B-00C04F79EFBC}") = "BindableItemSourceList", "BindableItemSourceList\BindableItemSourceList\BindableItemSourceList.csproj", "{45FC3FD1-09D1-4073-9F51-8F37C321496A}"
EndProject
Global
	GlobalSection(SolutionConfigurationPlatforms) = preSolution
		Ad-Hoc|Any CPU = Ad-Hoc|Any CPU
		Ad-Hoc|ARM = Ad-Hoc|ARM
		Ad-Hoc|iPhone = Ad-Hoc|iPhone
		Ad-Hoc|iPhoneSimulator = Ad-Hoc|iPhoneSimulator
		Ad-Hoc|x64 = Ad-Hoc|x64
		Ad-Hoc|x86 = Ad-Hoc|x86
		AppStore|Any CPU = AppStore|Any CPU
		AppStore|ARM = AppStore|ARM
		AppStore|iPhone = AppStore|iPhone
		AppStore|iPhoneSimulator = AppStore|iPhoneSimulator
		AppStore|x64 = AppStore|x64
		AppStore|x86 = AppStore|x86
		Debug|Any CPU = Debug|Any CPU
		Debug|ARM = Debug|ARM
		Debug|iPhone = Debug|iPhone
		Debug|iPhoneSimulator = Debug|iPhoneSimulator
		Debug|x64 = Debug|x64
		Debug|x86 = Debug|x86
		Release|Any CPU = Release|Any CPU
		Release|ARM = Release|ARM
		Release|iPhone = Release|iPhone
		Release|iPhoneSimulator = Release|iPhoneSimulator
		Release|x64 = Release|x64
		Release|x86 = Release|x86
	EndGlobalSection
	GlobalSection(ProjectConfigurationPlatforms) = postSolution
		{A773B5C0-E743-4630-BD4E-4A32C7836E94}.Ad-Hoc|Any CPU.ActiveCfg = Release|Any CPU
		{A773B5C0-E743-4630-BD4E-4A32C7836E94}.Ad-Hoc|Any CPU.Build.0 = Release|Any CPU
		{A773B5C0-E743-4630-BD4E-4A32C7836E94}.Ad-Hoc|Any CPU.Deploy.0 = Release|Any CPU
		{A773B5C0-E743-4630-BD4E-4A32C7836E94}.Ad-Hoc|ARM.ActiveCfg = Release|Any CPU
		{A773B5C0-E743-4630-BD4E-4A32C7836E94}.Ad-Hoc|ARM.Build.0 = Release|Any CPU
		{A773B5C0-E743-4630-BD4E-4A32C7836E94}.Ad-Hoc|ARM.Deploy.0 = Release|Any CPU
		{A773B5C0-E743-4630-BD4E-4A32C7836E94}.Ad-Hoc|iPhone.ActiveCfg = Release|Any CPU
		{A773B5C0-E743-4630-BD4E-4A32C7836E94}.Ad-Hoc|iPhone.Build.0 = Release|Any CPU
		{A773B5C0-E743-4630-BD4E-4A32C7836E94}.Ad-Hoc|iPhone.Deploy.0 = Release|Any CPU
		{A773B5C0-E743-4630-BD4E-4A32C7836E94}.Ad-Hoc|iPhoneSimulator.ActiveCfg = Release|Any CPU
		{A773B5C0-E743-4630-BD4E-4A32C7836E94}.Ad-Hoc|iPhoneSimulator.Build.0 = Release|Any CPU
		{A773B5C0-E743-4630-BD4E-4A32C7836E94}.Ad-Hoc|iPhoneSimulator.Deploy.0 = Release|Any CPU
		{A773B5C0-E743-4630-BD4E-4A32C7836E94}.Ad-Hoc|x64.ActiveCfg = Release|Any CPU
		{A773B5C0-E743-4630-BD4E-4A32C7836E94}.Ad-Hoc|x64.Build.0 = Release|Any CPU
		{A773B5C0-E743-4630-BD4E-4A32C7836E94}.Ad-Hoc|x64.Deploy.0 = Release|Any CPU
		{A773B5C0-E743-4630-BD4E-4A32C7836E94}.Ad-Hoc|x86.ActiveCfg = Release|Any CPU
		{A773B5C0-E743-4630-BD4E-4A32C7836E94}.Ad-Hoc|x86.Build.0 = Release|Any CPU
		{A773B5C0-E743-4630-BD4E-4A32C7836E94}.Ad-Hoc|x86.Deploy.0 = Release|Any CPU
		{A773B5C0-E743-4630-BD4E-4A32C7836E94}.AppStore|Any CPU.ActiveCfg = Release|Any CPU
		{A773B5C0-E743-4630-BD4E-4A32C7836E94}.AppStore|Any CPU.Build.0 = Release|Any CPU
		{A773B5C0-E743-4630-BD4E-4A32C7836E94}.AppStore|Any CPU.Deploy.0 = Release|Any CPU
		{A773B5C0-E743-4630-BD4E-4A32C7836E94}.AppStore|ARM.ActiveCfg = Release|Any CPU
		{A773B5C0-E743-4630-BD4E-4A32C7836E94}.AppStore|ARM.Build.0 = Release|Any CPU
		{A773B5C0-E743-4630-BD4E-4A32C7836E94}.AppStore|ARM.Deploy.0 = Release|Any CPU
		{A773B5C0-E743-4630-BD4E-4A32C7836E94}.AppStore|iPhone.ActiveCfg = Release|Any CPU
		{A773B5C0-E743-4630-BD4E-4A32C7836E94}.AppStore|iPhone.Build.0 = Release|Any CPU
		{A773B5C0-E743-4630-BD4E-4A32C7836E94}.AppStore|iPhone.Deploy.0 = Release|Any CPU
		{A773B5C0-E743-4630-BD4E-4A32C7836E94}.AppStore|iPhoneSimulator.ActiveCfg = Release|Any CPU
		{A773B5C0-E743-4630-BD4E-4A32C7836E94}.AppStore|iPhoneSimulator.Build.0 = Release|Any CPU
		{A773B5C0-E743-4630-BD4E-4A32C7836E94}.AppStore|iPhoneSimulator.Deploy.0 = Release|Any CPU
		{A773B5C0-E743-4630-BD4E-4A32C7836E94}.AppStore|x64.ActiveCfg = Release|Any CPU
		{A773B5C0-E743-4630-BD4E-4A32C7836E94}.AppStore|x64.Build.0 = Release|Any CPU
		{A773B5C0-E743-4630-BD4E-4A32C7836E94}.AppStore|x64.Deploy.0 = Release|Any CPU
		{A773B5C0-E743-4630-BD4E-4A32C7836E94}.AppStore|x86.ActiveCfg = Release|Any CPU
		{A773B5C0-E743-4630-BD4E-4A32C7836E94}.AppStore|x86.Build.0 = Release|Any CPU
		{A773B5C0-E743-4630-BD4E-4A32C7836E94}.AppStore|x86.Deploy.0 = Release|Any CPU
		{A773B5C0-E743-4630-BD4E-4A32C7836E94}.Debug|Any CPU.ActiveCfg = Debug|Any CPU
		{A773B5C0-E743-4630-BD4E-4A32C7836E94}.Debug|Any CPU.Build.0 = Debug|Any CPU
		{A773B5C0-E743-4630-BD4E-4A32C7836E94}.Debug|Any CPU.Deploy.0 = Debug|Any CPU
		{A773B5C0-E743-4630-BD4E-4A32C7836E94}.Debug|ARM.ActiveCfg = Debug|Any CPU
		{A773B5C0-E743-4630-BD4E-4A32C7836E94}.Debug|ARM.Build.0 = Debug|Any CPU
		{A773B5C0-E743-4630-BD4E-4A32C7836E94}.Debug|ARM.Deploy.0 = Debug|Any CPU
		{A773B5C0-E743-4630-BD4E-4A32C7836E94}.Debug|iPhone.ActiveCfg = Debug|Any CPU
		{A773B5C0-E743-4630-BD4E-4A32C7836E94}.Debug|iPhone.Build.0 = Debug|Any CPU
		{A773B5C0-E743-4630-BD4E-4A32C7836E94}.Debug|iPhone.Deploy.0 = Debug|Any CPU
		{A773B5C0-E743-4630-BD4E-4A32C7836E94}.Debug|iPhoneSimulator.ActiveCfg = Debug|Any CPU
		{A773B5C0-E743-4630-BD4E-4A32C7836E94}.Debug|iPhoneSimulator.Build.0 = Debug|Any CPU
		{A773B5C0-E743-4630-BD4E-4A32C7836E94}.Debug|iPhoneSimulator.Deploy.0 = Debug|Any CPU
		{A773B5C0-E743-4630-BD4E-4A32C7836E94}.Debug|x64.ActiveCfg = Debug|Any CPU
		{A773B5C0-E743-4630-BD4E-4A32C7836E94}.Debug|x64.Build.0 = Debug|Any CPU
		{A773B5C0-E743-4630-BD4E-4A32C7836E94}.Debug|x64.Deploy.0 = Debug|Any CPU
		{A773B5C0-E743-4630-BD4E-4A32C7836E94}.Debug|x86.ActiveCfg = Debug|Any CPU
		{A773B5C0-E743-4630-BD4E-4A32C7836E94}.Debug|x86.Build.0 = Debug|Any CPU
		{A773B5C0-E743-4630-BD4E-4A32C7836E94}.Debug|x86.Deploy.0 = Debug|Any CPU
		{A773B5C0-E743-4630-BD4E-4A32C7836E94}.Release|Any CPU.ActiveCfg = Release|Any CPU
		{A773B5C0-E743-4630-BD4E-4A32C7836E94}.Release|Any CPU.Build.0 = Release|Any CPU
		{A773B5C0-E743-4630-BD4E-4A32C7836E94}.Release|Any CPU.Deploy.0 = Release|Any CPU
		{A773B5C0-E743-4630-BD4E-4A32C7836E94}.Release|ARM.ActiveCfg = Release|Any CPU
		{A773B5C0-E743-4630-BD4E-4A32C7836E94}.Release|ARM.Build.0 = Release|Any CPU
		{A773B5C0-E743-4630-BD4E-4A32C7836E94}.Release|ARM.Deploy.0 = Release|Any CPU
		{A773B5C0-E743-4630-BD4E-4A32C7836E94}.Release|iPhone.ActiveCfg = Release|Any CPU
		{A773B5C0-E743-4630-BD4E-4A32C7836E94}.Release|iPhone.Build.0 = Release|Any CPU
		{A773B5C0-E743-4630-BD4E-4A32C7836E94}.Release|iPhone.Deploy.0 = Release|Any CPU
		{A773B5C0-E743-4630-BD4E-4A32C7836E94}.Release|iPhoneSimulator.ActiveCfg = Release|Any CPU
		{A773B5C0-E743-4630-BD4E-4A32C7836E94}.Release|iPhoneSimulator.Build.0 = Release|Any CPU
		{A773B5C0-E743-4630-BD4E-4A32C7836E94}.Release|iPhoneSimulator.Deploy.0 = Release|Any CPU
		{A773B5C0-E743-4630-BD4E-4A32C7836E94}.Release|x64.ActiveCfg = Release|Any CPU
		{A773B5C0-E743-4630-BD4E-4A32C7836E94}.Release|x64.Build.0 = Release|Any CPU
		{A773B5C0-E743-4630-BD4E-4A32C7836E94}.Release|x64.Deploy.0 = Release|Any CPU
		{A773B5C0-E743-4630-BD4E-4A32C7836E94}.Release|x86.ActiveCfg = Release|Any CPU
		{A773B5C0-E743-4630-BD4E-4A32C7836E94}.Release|x86.Build.0 = Release|Any CPU
		{A773B5C0-E743-4630-BD4E-4A32C7836E94}.Release|x86.Deploy.0 = Release|Any CPU
		{151F7697-F447-41F2-AA4A-AAB530322D7B}.Ad-Hoc|Any CPU.ActiveCfg = Ad-Hoc|iPhone
		{151F7697-F447-41F2-AA4A-AAB530322D7B}.Ad-Hoc|Any CPU.Build.0 = Ad-Hoc|iPhone
		{151F7697-F447-41F2-AA4A-AAB530322D7B}.Ad-Hoc|Any CPU.Deploy.0 = Ad-Hoc|iPhone
		{151F7697-F447-41F2-AA4A-AAB530322D7B}.Ad-Hoc|ARM.ActiveCfg = Ad-Hoc|iPhone
		{151F7697-F447-41F2-AA4A-AAB530322D7B}.Ad-Hoc|ARM.Build.0 = Ad-Hoc|iPhone
		{151F7697-F447-41F2-AA4A-AAB530322D7B}.Ad-Hoc|ARM.Deploy.0 = Ad-Hoc|iPhone
		{151F7697-F447-41F2-AA4A-AAB530322D7B}.Ad-Hoc|iPhone.ActiveCfg = Ad-Hoc|iPhone
		{151F7697-F447-41F2-AA4A-AAB530322D7B}.Ad-Hoc|iPhone.Build.0 = Ad-Hoc|iPhone
		{151F7697-F447-41F2-AA4A-AAB530322D7B}.Ad-Hoc|iPhone.Deploy.0 = Ad-Hoc|iPhone
		{151F7697-F447-41F2-AA4A-AAB530322D7B}.Ad-Hoc|iPhoneSimulator.ActiveCfg = Ad-Hoc|iPhoneSimulator
		{151F7697-F447-41F2-AA4A-AAB530322D7B}.Ad-Hoc|iPhoneSimulator.Build.0 = Ad-Hoc|iPhoneSimulator
		{151F7697-F447-41F2-AA4A-AAB530322D7B}.Ad-Hoc|iPhoneSimulator.Deploy.0 = Ad-Hoc|iPhoneSimulator
		{151F7697-F447-41F2-AA4A-AAB530322D7B}.Ad-Hoc|x64.ActiveCfg = Ad-Hoc|iPhone
		{151F7697-F447-41F2-AA4A-AAB530322D7B}.Ad-Hoc|x64.Build.0 = Ad-Hoc|iPhone
		{151F7697-F447-41F2-AA4A-AAB530322D7B}.Ad-Hoc|x64.Deploy.0 = Ad-Hoc|iPhone
		{151F7697-F447-41F2-AA4A-AAB530322D7B}.Ad-Hoc|x86.ActiveCfg = Ad-Hoc|iPhone
		{151F7697-F447-41F2-AA4A-AAB530322D7B}.Ad-Hoc|x86.Build.0 = Ad-Hoc|iPhone
		{151F7697-F447-41F2-AA4A-AAB530322D7B}.Ad-Hoc|x86.Deploy.0 = Ad-Hoc|iPhone
		{151F7697-F447-41F2-AA4A-AAB530322D7B}.AppStore|Any CPU.ActiveCfg = AppStore|iPhone
		{151F7697-F447-41F2-AA4A-AAB530322D7B}.AppStore|Any CPU.Build.0 = AppStore|iPhone
		{151F7697-F447-41F2-AA4A-AAB530322D7B}.AppStore|Any CPU.Deploy.0 = AppStore|iPhone
		{151F7697-F447-41F2-AA4A-AAB530322D7B}.AppStore|ARM.ActiveCfg = AppStore|iPhone
		{151F7697-F447-41F2-AA4A-AAB530322D7B}.AppStore|ARM.Build.0 = AppStore|iPhone
		{151F7697-F447-41F2-AA4A-AAB530322D7B}.AppStore|ARM.Deploy.0 = AppStore|iPhone
		{151F7697-F447-41F2-AA4A-AAB530322D7B}.AppStore|iPhone.ActiveCfg = AppStore|iPhone
		{151F7697-F447-41F2-AA4A-AAB530322D7B}.AppStore|iPhone.Build.0 = AppStore|iPhone
		{151F7697-F447-41F2-AA4A-AAB530322D7B}.AppStore|iPhone.Deploy.0 = AppStore|iPhone
		{151F7697-F447-41F2-AA4A-AAB530322D7B}.AppStore|iPhoneSimulator.ActiveCfg = AppStore|iPhoneSimulator
		{151F7697-F447-41F2-AA4A-AAB530322D7B}.AppStore|iPhoneSimulator.Build.0 = AppStore|iPhoneSimulator
		{151F7697-F447-41F2-AA4A-AAB530322D7B}.AppStore|iPhoneSimulator.Deploy.0 = AppStore|iPhoneSimulator
		{151F7697-F447-41F2-AA4A-AAB530322D7B}.AppStore|x64.ActiveCfg = AppStore|iPhone
		{151F7697-F447-41F2-AA4A-AAB530322D7B}.AppStore|x64.Build.0 = AppStore|iPhone
		{151F7697-F447-41F2-AA4A-AAB530322D7B}.AppStore|x64.Deploy.0 = AppStore|iPhone
		{151F7697-F447-41F2-AA4A-AAB530322D7B}.AppStore|x86.ActiveCfg = AppStore|iPhone
		{151F7697-F447-41F2-AA4A-AAB530322D7B}.AppStore|x86.Build.0 = AppStore|iPhone
		{151F7697-F447-41F2-AA4A-AAB530322D7B}.AppStore|x86.Deploy.0 = AppStore|iPhone
		{151F7697-F447-41F2-AA4A-AAB530322D7B}.Debug|Any CPU.ActiveCfg = Debug|iPhoneSimulator
		{151F7697-F447-41F2-AA4A-AAB530322D7B}.Debug|Any CPU.Build.0 = Debug|iPhoneSimulator
		{151F7697-F447-41F2-AA4A-AAB530322D7B}.Debug|Any CPU.Deploy.0 = Debug|iPhoneSimulator
		{151F7697-F447-41F2-AA4A-AAB530322D7B}.Debug|ARM.ActiveCfg = Debug|iPhone
		{151F7697-F447-41F2-AA4A-AAB530322D7B}.Debug|ARM.Build.0 = Debug|iPhone
		{151F7697-F447-41F2-AA4A-AAB530322D7B}.Debug|ARM.Deploy.0 = Debug|iPhone
		{151F7697-F447-41F2-AA4A-AAB530322D7B}.Debug|iPhone.ActiveCfg = Debug|iPhone
		{151F7697-F447-41F2-AA4A-AAB530322D7B}.Debug|iPhone.Build.0 = Debug|iPhone
		{151F7697-F447-41F2-AA4A-AAB530322D7B}.Debug|iPhone.Deploy.0 = Debug|iPhone
		{151F7697-F447-41F2-AA4A-AAB530322D7B}.Debug|iPhoneSimulator.ActiveCfg = Debug|iPhoneSimulator
		{151F7697-F447-41F2-AA4A-AAB530322D7B}.Debug|iPhoneSimulator.Build.0 = Debug|iPhoneSimulator
		{151F7697-F447-41F2-AA4A-AAB530322D7B}.Debug|iPhoneSimulator.Deploy.0 = Debug|iPhoneSimulator
		{151F7697-F447-41F2-AA4A-AAB530322D7B}.Debug|x64.ActiveCfg = Debug|iPhone
		{151F7697-F447-41F2-AA4A-AAB530322D7B}.Debug|x64.Build.0 = Debug|iPhone
		{151F7697-F447-41F2-AA4A-AAB530322D7B}.Debug|x64.Deploy.0 = Debug|iPhone
		{151F7697-F447-41F2-AA4A-AAB530322D7B}.Debug|x86.ActiveCfg = Debug|iPhone
		{151F7697-F447-41F2-AA4A-AAB530322D7B}.Debug|x86.Build.0 = Debug|iPhone
		{151F7697-F447-41F2-AA4A-AAB530322D7B}.Debug|x86.Deploy.0 = Debug|iPhone
		{151F7697-F447-41F2-AA4A-AAB530322D7B}.Release|Any CPU.ActiveCfg = Release|iPhone
		{151F7697-F447-41F2-AA4A-AAB530322D7B}.Release|Any CPU.Build.0 = Release|iPhone
		{151F7697-F447-41F2-AA4A-AAB530322D7B}.Release|Any CPU.Deploy.0 = Release|iPhone
		{151F7697-F447-41F2-AA4A-AAB530322D7B}.Release|ARM.ActiveCfg = Release|iPhone
		{151F7697-F447-41F2-AA4A-AAB530322D7B}.Release|ARM.Build.0 = Release|iPhone
		{151F7697-F447-41F2-AA4A-AAB530322D7B}.Release|ARM.Deploy.0 = Release|iPhone
		{151F7697-F447-41F2-AA4A-AAB530322D7B}.Release|iPhone.ActiveCfg = Release|iPhone
		{151F7697-F447-41F2-AA4A-AAB530322D7B}.Release|iPhone.Build.0 = Release|iPhone
		{151F7697-F447-41F2-AA4A-AAB530322D7B}.Release|iPhone.Deploy.0 = Release|iPhone
		{151F7697-F447-41F2-AA4A-AAB530322D7B}.Release|iPhoneSimulator.ActiveCfg = Release|iPhoneSimulator
		{151F7697-F447-41F2-AA4A-AAB530322D7B}.Release|iPhoneSimulator.Build.0 = Release|iPhoneSimulator
		{151F7697-F447-41F2-AA4A-AAB530322D7B}.Release|iPhoneSimulator.Deploy.0 = Release|iPhoneSimulator
		{151F7697-F447-41F2-AA4A-AAB530322D7B}.Release|x64.ActiveCfg = Release|iPhone
		{151F7697-F447-41F2-AA4A-AAB530322D7B}.Release|x64.Build.0 = Release|iPhone
		{151F7697-F447-41F2-AA4A-AAB530322D7B}.Release|x64.Deploy.0 = Release|iPhone
		{151F7697-F447-41F2-AA4A-AAB530322D7B}.Release|x86.ActiveCfg = Release|iPhone
		{151F7697-F447-41F2-AA4A-AAB530322D7B}.Release|x86.Build.0 = Release|iPhone
		{151F7697-F447-41F2-AA4A-AAB530322D7B}.Release|x86.Deploy.0 = Release|iPhone
		{50425EF7-96E0-4995-858E-5364363B77DE}.Ad-Hoc|Any CPU.ActiveCfg = Release|x86
		{50425EF7-96E0-4995-858E-5364363B77DE}.Ad-Hoc|Any CPU.Build.0 = Release|x86
		{50425EF7-96E0-4995-858E-5364363B77DE}.Ad-Hoc|Any CPU.Deploy.0 = Release|x86
		{50425EF7-96E0-4995-858E-5364363B77DE}.Ad-Hoc|ARM.ActiveCfg = Release|ARM
		{50425EF7-96E0-4995-858E-5364363B77DE}.Ad-Hoc|ARM.Build.0 = Release|ARM
		{50425EF7-96E0-4995-858E-5364363B77DE}.Ad-Hoc|ARM.Deploy.0 = Release|ARM
		{50425EF7-96E0-4995-858E-5364363B77DE}.Ad-Hoc|iPhone.ActiveCfg = Release|x86
		{50425EF7-96E0-4995-858E-5364363B77DE}.Ad-Hoc|iPhone.Build.0 = Release|x86
		{50425EF7-96E0-4995-858E-5364363B77DE}.Ad-Hoc|iPhone.Deploy.0 = Release|x86
		{50425EF7-96E0-4995-858E-5364363B77DE}.Ad-Hoc|iPhoneSimulator.ActiveCfg = Release|x86
		{50425EF7-96E0-4995-858E-5364363B77DE}.Ad-Hoc|iPhoneSimulator.Build.0 = Release|x86
		{50425EF7-96E0-4995-858E-5364363B77DE}.Ad-Hoc|iPhoneSimulator.Deploy.0 = Release|x86
		{50425EF7-96E0-4995-858E-5364363B77DE}.Ad-Hoc|x64.ActiveCfg = Release|x64
		{50425EF7-96E0-4995-858E-5364363B77DE}.Ad-Hoc|x64.Build.0 = Release|x64
		{50425EF7-96E0-4995-858E-5364363B77DE}.Ad-Hoc|x64.Deploy.0 = Release|x64
		{50425EF7-96E0-4995-858E-5364363B77DE}.Ad-Hoc|x86.ActiveCfg = Release|x86
		{50425EF7-96E0-4995-858E-5364363B77DE}.Ad-Hoc|x86.Build.0 = Release|x86
		{50425EF7-96E0-4995-858E-5364363B77DE}.Ad-Hoc|x86.Deploy.0 = Release|x86
		{50425EF7-96E0-4995-858E-5364363B77DE}.AppStore|Any CPU.ActiveCfg = Release|x86
		{50425EF7-96E0-4995-858E-5364363B77DE}.AppStore|Any CPU.Build.0 = Release|x86
		{50425EF7-96E0-4995-858E-5364363B77DE}.AppStore|Any CPU.Deploy.0 = Release|x86
		{50425EF7-96E0-4995-858E-5364363B77DE}.AppStore|ARM.ActiveCfg = Release|ARM
		{50425EF7-96E0-4995-858E-5364363B77DE}.AppStore|ARM.Build.0 = Release|ARM
		{50425EF7-96E0-4995-858E-5364363B77DE}.AppStore|ARM.Deploy.0 = Release|ARM
		{50425EF7-96E0-4995-858E-5364363B77DE}.AppStore|iPhone.ActiveCfg = Release|x86
		{50425EF7-96E0-4995-858E-5364363B77DE}.AppStore|iPhone.Build.0 = Release|x86
		{50425EF7-96E0-4995-858E-5364363B77DE}.AppStore|iPhone.Deploy.0 = Release|x86
		{50425EF7-96E0-4995-858E-5364363B77DE}.AppStore|iPhoneSimulator.ActiveCfg = Release|x86
		{50425EF7-96E0-4995-858E-5364363B77DE}.AppStore|iPhoneSimulator.Build.0 = Release|x86
		{50425EF7-96E0-4995-858E-5364363B77DE}.AppStore|iPhoneSimulator.Deploy.0 = Release|x86
		{50425EF7-96E0-4995-858E-5364363B77DE}.AppStore|x64.ActiveCfg = Release|x64
		{50425EF7-96E0-4995-858E-5364363B77DE}.AppStore|x64.Build.0 = Release|x64
		{50425EF7-96E0-4995-858E-5364363B77DE}.AppStore|x64.Deploy.0 = Release|x64
		{50425EF7-96E0-4995-858E-5364363B77DE}.AppStore|x86.ActiveCfg = Release|x86
		{50425EF7-96E0-4995-858E-5364363B77DE}.AppStore|x86.Build.0 = Release|x86
		{50425EF7-96E0-4995-858E-5364363B77DE}.AppStore|x86.Deploy.0 = Release|x86
		{50425EF7-96E0-4995-858E-5364363B77DE}.Debug|Any CPU.ActiveCfg = Debug|x86
		{50425EF7-96E0-4995-858E-5364363B77DE}.Debug|Any CPU.Build.0 = Debug|x86
		{50425EF7-96E0-4995-858E-5364363B77DE}.Debug|Any CPU.Deploy.0 = Debug|x86
		{50425EF7-96E0-4995-858E-5364363B77DE}.Debug|ARM.ActiveCfg = Debug|ARM
		{50425EF7-96E0-4995-858E-5364363B77DE}.Debug|ARM.Build.0 = Debug|ARM
		{50425EF7-96E0-4995-858E-5364363B77DE}.Debug|ARM.Deploy.0 = Debug|ARM
		{50425EF7-96E0-4995-858E-5364363B77DE}.Debug|iPhone.ActiveCfg = Debug|x86
		{50425EF7-96E0-4995-858E-5364363B77DE}.Debug|iPhone.Build.0 = Debug|x86
		{50425EF7-96E0-4995-858E-5364363B77DE}.Debug|iPhone.Deploy.0 = Debug|x86
		{50425EF7-96E0-4995-858E-5364363B77DE}.Debug|iPhoneSimulator.ActiveCfg = Debug|x86
		{50425EF7-96E0-4995-858E-5364363B77DE}.Debug|iPhoneSimulator.Build.0 = Debug|x86
		{50425EF7-96E0-4995-858E-5364363B77DE}.Debug|iPhoneSimulator.Deploy.0 = Debug|x86
		{50425EF7-96E0-4995-858E-5364363B77DE}.Debug|x64.ActiveCfg = Debug|x64
		{50425EF7-96E0-4995-858E-5364363B77DE}.Debug|x64.Build.0 = Debug|x64
		{50425EF7-96E0-4995-858E-5364363B77DE}.Debug|x64.Deploy.0 = Debug|x64
		{50425EF7-96E0-4995-858E-5364363B77DE}.Debug|x86.ActiveCfg = Debug|x86
		{50425EF7-96E0-4995-858E-5364363B77DE}.Debug|x86.Build.0 = Debug|x86
		{50425EF7-96E0-4995-858E-5364363B77DE}.Debug|x86.Deploy.0 = Debug|x86
		{50425EF7-96E0-4995-858E-5364363B77DE}.Release|Any CPU.ActiveCfg = Release|x86
		{50425EF7-96E0-4995-858E-5364363B77DE}.Release|Any CPU.Build.0 = Release|x86
		{50425EF7-96E0-4995-858E-5364363B77DE}.Release|Any CPU.Deploy.0 = Release|x86
		{50425EF7-96E0-4995-858E-5364363B77DE}.Release|ARM.ActiveCfg = Release|ARM
		{50425EF7-96E0-4995-858E-5364363B77DE}.Release|ARM.Build.0 = Release|ARM
		{50425EF7-96E0-4995-858E-5364363B77DE}.Release|ARM.Deploy.0 = Release|ARM
		{50425EF7-96E0-4995-858E-5364363B77DE}.Release|iPhone.ActiveCfg = Release|x86
		{50425EF7-96E0-4995-858E-5364363B77DE}.Release|iPhone.Build.0 = Release|x86
		{50425EF7-96E0-4995-858E-5364363B77DE}.Release|iPhone.Deploy.0 = Release|x86
		{50425EF7-96E0-4995-858E-5364363B77DE}.Release|iPhoneSimulator.ActiveCfg = Release|x86
		{50425EF7-96E0-4995-858E-5364363B77DE}.Release|iPhoneSimulator.Build.0 = Release|x86
		{50425EF7-96E0-4995-858E-5364363B77DE}.Release|iPhoneSimulator.Deploy.0 = Release|x86
		{50425EF7-96E0-4995-858E-5364363B77DE}.Release|x64.ActiveCfg = Release|x64
		{50425EF7-96E0-4995-858E-5364363B77DE}.Release|x64.Build.0 = Release|x64
		{50425EF7-96E0-4995-858E-5364363B77DE}.Release|x64.Deploy.0 = Release|x64
		{50425EF7-96E0-4995-858E-5364363B77DE}.Release|x86.ActiveCfg = Release|x86
		{50425EF7-96E0-4995-858E-5364363B77DE}.Release|x86.Build.0 = Release|x86
		{50425EF7-96E0-4995-858E-5364363B77DE}.Release|x86.Deploy.0 = Release|x86
		{45FC3FD1-09D1-4073-9F51-8F37C321496A}.Ad-Hoc|Any CPU.ActiveCfg = Debug|Any CPU
		{45FC3FD1-09D1-4073-9F51-8F37C321496A}.Ad-Hoc|Any CPU.Build.0 = Debug|Any CPU
		{45FC3FD1-09D1-4073-9F51-8F37C321496A}.Ad-Hoc|Any CPU.Deploy.0 = Debug|Any CPU
		{45FC3FD1-09D1-4073-9F51-8F37C321496A}.Ad-Hoc|ARM.ActiveCfg = Debug|Any CPU
		{45FC3FD1-09D1-4073-9F51-8F37C321496A}.Ad-Hoc|ARM.Build.0 = Debug|Any CPU
		{45FC3FD1-09D1-4073-9F51-8F37C321496A}.Ad-Hoc|ARM.Deploy.0 = Debug|Any CPU
		{45FC3FD1-09D1-4073-9F51-8F37C321496A}.Ad-Hoc|iPhone.ActiveCfg = Debug|Any CPU
		{45FC3FD1-09D1-4073-9F51-8F37C321496A}.Ad-Hoc|iPhone.Build.0 = Debug|Any CPU
		{45FC3FD1-09D1-4073-9F51-8F37C321496A}.Ad-Hoc|iPhone.Deploy.0 = Debug|Any CPU
		{45FC3FD1-09D1-4073-9F51-8F37C321496A}.Ad-Hoc|iPhoneSimulator.ActiveCfg = Debug|Any CPU
		{45FC3FD1-09D1-4073-9F51-8F37C321496A}.Ad-Hoc|iPhoneSimulator.Build.0 = Debug|Any CPU
		{45FC3FD1-09D1-4073-9F51-8F37C321496A}.Ad-Hoc|iPhoneSimulator.Deploy.0 = Debug|Any CPU
		{45FC3FD1-09D1-4073-9F51-8F37C321496A}.Ad-Hoc|x64.ActiveCfg = Debug|Any CPU
		{45FC3FD1-09D1-4073-9F51-8F37C321496A}.Ad-Hoc|x64.Build.0 = Debug|Any CPU
		{45FC3FD1-09D1-4073-9F51-8F37C321496A}.Ad-Hoc|x64.Deploy.0 = Debug|Any CPU
		{45FC3FD1-09D1-4073-9F51-8F37C321496A}.Ad-Hoc|x86.ActiveCfg = Debug|Any CPU
		{45FC3FD1-09D1-4073-9F51-8F37C321496A}.Ad-Hoc|x86.Build.0 = Debug|Any CPU
		{45FC3FD1-09D1-4073-9F51-8F37C321496A}.Ad-Hoc|x86.Deploy.0 = Debug|Any CPU
		{45FC3FD1-09D1-4073-9F51-8F37C321496A}.AppStore|Any CPU.ActiveCfg = Debug|Any CPU
		{45FC3FD1-09D1-4073-9F51-8F37C321496A}.AppStore|Any CPU.Build.0 = Debug|Any CPU
		{45FC3FD1-09D1-4073-9F51-8F37C321496A}.AppStore|Any CPU.Deploy.0 = Debug|Any CPU
		{45FC3FD1-09D1-4073-9F51-8F37C321496A}.AppStore|ARM.ActiveCfg = Debug|Any CPU
		{45FC3FD1-09D1-4073-9F51-8F37C321496A}.AppStore|ARM.Build.0 = Debug|Any CPU
		{45FC3FD1-09D1-4073-9F51-8F37C321496A}.AppStore|ARM.Deploy.0 = Debug|Any CPU
		{45FC3FD1-09D1-4073-9F51-8F37C321496A}.AppStore|iPhone.ActiveCfg = Debug|Any CPU
		{45FC3FD1-09D1-4073-9F51-8F37C321496A}.AppStore|iPhone.Build.0 = Debug|Any CPU
		{45FC3FD1-09D1-4073-9F51-8F37C321496A}.AppStore|iPhone.Deploy.0 = Debug|Any CPU
		{45FC3FD1-09D1-4073-9F51-8F37C321496A}.AppStore|iPhoneSimulator.ActiveCfg = Debug|Any CPU
		{45FC3FD1-09D1-4073-9F51-8F37C321496A}.AppStore|iPhoneSimulator.Build.0 = Debug|Any CPU
		{45FC3FD1-09D1-4073-9F51-8F37C321496A}.AppStore|iPhoneSimulator.Deploy.0 = Debug|Any CPU
		{45FC3FD1-09D1-4073-9F51-8F37C321496A}.AppStore|x64.ActiveCfg = Debug|Any CPU
		{45FC3FD1-09D1-4073-9F51-8F37C321496A}.AppStore|x64.Build.0 = Debug|Any CPU
		{45FC3FD1-09D1-4073-9F51-8F37C321496A}.AppStore|x64.Deploy.0 = Debug|Any CPU
		{45FC3FD1-09D1-4073-9F51-8F37C321496A}.AppStore|x86.ActiveCfg = Debug|Any CPU
		{45FC3FD1-09D1-4073-9F51-8F37C321496A}.AppStore|x86.Build.0 = Debug|Any CPU
		{45FC3FD1-09D1-4073-9F51-8F37C321496A}.AppStore|x86.Deploy.0 = Debug|Any CPU
		{45FC3FD1-09D1-4073-9F51-8F37C321496A}.Debug|Any CPU.ActiveCfg = Debug|Any CPU
		{45FC3FD1-09D1-4073-9F51-8F37C321496A}.Debug|Any CPU.Build.0 = Debug|Any CPU
		{45FC3FD1-09D1-4073-9F51-8F37C321496A}.Debug|Any CPU.Deploy.0 = Debug|Any CPU
		{45FC3FD1-09D1-4073-9F51-8F37C321496A}.Debug|ARM.ActiveCfg = Debug|Any CPU
		{45FC3FD1-09D1-4073-9F51-8F37C321496A}.Debug|ARM.Build.0 = Debug|Any CPU
		{45FC3FD1-09D1-4073-9F51-8F37C321496A}.Debug|ARM.Deploy.0 = Debug|Any CPU
		{45FC3FD1-09D1-4073-9F51-8F37C321496A}.Debug|iPhone.ActiveCfg = Debug|Any CPU
		{45FC3FD1-09D1-4073-9F51-8F37C321496A}.Debug|iPhone.Build.0 = Debug|Any CPU
		{45FC3FD1-09D1-4073-9F51-8F37C321496A}.Debug|iPhone.Deploy.0 = Debug|Any CPU
		{45FC3FD1-09D1-4073-9F51-8F37C321496A}.Debug|iPhoneSimulator.ActiveCfg = Debug|Any CPU
		{45FC3FD1-09D1-4073-9F51-8F37C321496A}.Debug|iPhoneSimulator.Build.0 = Debug|Any CPU
		{45FC3FD1-09D1-4073-9F51-8F37C321496A}.Debug|iPhoneSimulator.Deploy.0 = Debug|Any CPU
		{45FC3FD1-09D1-4073-9F51-8F37C321496A}.Debug|x64.ActiveCfg = Debug|Any CPU
		{45FC3FD1-09D1-4073-9F51-8F37C321496A}.Debug|x64.Build.0 = Debug|Any CPU
		{45FC3FD1-09D1-4073-9F51-8F37C321496A}.Debug|x64.Deploy.0 = Debug|Any CPU
		{45FC3FD1-09D1-4073-9F51-8F37C321496A}.Debug|x86.ActiveCfg = Debug|Any CPU
		{45FC3FD1-09D1-4073-9F51-8F37C321496A}.Debug|x86.Build.0 = Debug|Any CPU
		{45FC3FD1-09D1-4073-9F51-8F37C321496A}.Debug|x86.Deploy.0 = Debug|Any CPU
		{45FC3FD1-09D1-4073-9F51-8F37C321496A}.Release|Any CPU.ActiveCfg = Release|Any CPU
		{45FC3FD1-09D1-4073-9F51-8F37C321496A}.Release|Any CPU.Build.0 = Release|Any CPU
		{45FC3FD1-09D1-4073-9F51-8F37C321496A}.Release|Any CPU.Deploy.0 = Release|Any CPU
		{45FC3FD1-09D1-4073-9F51-8F37C321496A}.Release|ARM.ActiveCfg = Release|Any CPU
		{45FC3FD1-09D1-4073-9F51-8F37C321496A}.Release|ARM.Build.0 = Release|Any CPU
		{45FC3FD1-09D1-4073-9F51-8F37C321496A}.Release|ARM.Deploy.0 = Release|Any CPU
		{45FC3FD1-09D1-4073-9F51-8F37C321496A}.Release|iPhone.ActiveCfg = Release|Any CPU
		{45FC3FD1-09D1-4073-9F51-8F37C321496A}.Release|iPhone.Build.0 = Release|Any CPU
		{45FC3FD1-09D1-4073-9F51-8F37C321496A}.Release|iPhone.Deploy.0 = Release|Any CPU
		{45FC3FD1-09D1-4073-9F51-8F37C321496A}.Release|iPhoneSimulator.ActiveCfg = Release|Any CPU
		{45FC3FD1-09D1-4073-9F51-8F37C321496A}.Release|iPhoneSimulator.Build.0 = Release|Any CPU
		{45FC3FD1-09D1-4073-9F51-8F37C321496A}.Release|iPhoneSimulator.Deploy.0 = Release|Any CPU
		{45FC3FD1-09D1-4073-9F51-8F37C321496A}.Release|x64.ActiveCfg = Release|Any CPU
		{45FC3FD1-09D1-4073-9F51-8F37C321496A}.Release|x64.Build.0 = Release|Any CPU
		{45FC3FD1-09D1-4073-9F51-8F37C321496A}.Release|x64.Deploy.0 = Release|Any CPU
		{45FC3FD1-09D1-4073-9F51-8F37C321496A}.Release|x86.ActiveCfg = Release|Any CPU
		{45FC3FD1-09D1-4073-9F51-8F37C321496A}.Release|x86.Build.0 = Release|Any CPU
		{45FC3FD1-09D1-4073-9F51-8F37C321496A}.Release|x86.Deploy.0 = Release|Any CPU
	EndGlobalSection
	GlobalSection(SolutionProperties) = preSolution
		HideSolutionNode = FALSE
	EndGlobalSection
	GlobalSection(ExtensibilityGlobals) = postSolution
		SolutionGuid = {66203C11-E0C0-4D01-9187-94FBFA86DBD4}
	EndGlobalSection
EndGlobal
